
Microsoft Visual Studio Solution File, Format Version 12.00
# Visual Studio Version 16
VisualStudioVersion = 16.0.32802.440
MinimumVisualStudioVersion = 10.0.40219.1
Project("{FAE04EC0-301F-11D3-BF4B-00C04F79EFBC}") = "NoKeepersPassTransition", "NoKeepersPassTransition.csproj", "{4EFFBE66-1452-46B7-A7FC-4E8D1D200445}"
EndProject
Global
	GlobalSection(SolutionConfigurationPlatforms) = preSolution
		Debug|Any CPU = Debug|Any CPU
		Release|Any CPU = Release|Any CPU
	EndGlobalSection
	GlobalSection(ProjectConfigurationPlatforms) = postSolution
		{4EFFBE66-1452-46B7-A7FC-4E8D1D200445}.Debug|Any CPU.ActiveCfg = Debug|Any CPU
		{4EFFBE66-1452-46B7-A7FC-4E8D1D200445}.Debug|Any CPU.Build.0 = Debug|Any CPU
		{4EFFBE66-1452-46B7-A7FC-4E8D1D200445}.Release|Any CPU.ActiveCfg = Release|Any CPU
		{4EFFBE66-1452-46B7-A7FC-4E8D1D200445}.Release|Any CPU.Build.0 = Release|Any CPU
	EndGlobalSection
	GlobalSection(SolutionProperties) = preSolution
		HideSolutionNode = FALSE
	EndGlobalSection
	GlobalSection(ExtensibilityGlobals) = postSolution
		SolutionGuid = {8D63D75D-06F3-431B-AFE0-DDD9711B2A74}
	EndGlobalSection
EndGlobal
